
Microsoft Visual Studio Solution File, Format Version 12.00
# Visual Studio Version 17
VisualStudioVersion = 17.4.33213.308
MinimumVisualStudioVersion = 10.0.40219.1
Project("{9A19103F-16F7-4668-BE54-9A1E7A4F7556}") = "BookStore", "BookStore\BookStore.csproj", "{64CABF93-4A2B-4CF0-BF26-A758DDDBF34F}"
EndProject
Project("{FAE04EC0-301F-11D3-BF4B-00C04F79EFBC}") = "Tests", "Tests\Tests.csproj", "{AD0ED7CB-5559-4F12-AF96-D2DE1FD19C5D}"
EndProject
Global
	GlobalSection(SolutionConfigurationPlatforms) = preSolution
		Debug|Any CPU = Debug|Any CPU
		Release|Any CPU = Release|Any CPU
	EndGlobalSection
	GlobalSection(ProjectConfigurationPlatforms) = postSolution
		{64CABF93-4A2B-4CF0-BF26-A758DDDBF34F}.Debug|Any CPU.ActiveCfg = Debug|Any CPU
		{64CABF93-4A2B-4CF0-BF26-A758DDDBF34F}.Debug|Any CPU.Build.0 = Debug|Any CPU
		{64CABF93-4A2B-4CF0-BF26-A758DDDBF34F}.Release|Any CPU.ActiveCfg = Release|Any CPU
		{64CABF93-4A2B-4CF0-BF26-A758DDDBF34F}.Release|Any CPU.Build.0 = Release|Any CPU
		{AD0ED7CB-5559-4F12-AF96-D2DE1FD19C5D}.Debug|Any CPU.ActiveCfg = Debug|Any CPU
		{AD0ED7CB-5559-4F12-AF96-D2DE1FD19C5D}.Debug|Any CPU.Build.0 = Debug|Any CPU
		{AD0ED7CB-5559-4F12-AF96-D2DE1FD19C5D}.Release|Any CPU.ActiveCfg = Release|Any CPU
		{AD0ED7CB-5559-4F12-AF96-D2DE1FD19C5D}.Release|Any CPU.Build.0 = Release|Any CPU
	EndGlobalSection
	GlobalSection(SolutionProperties) = preSolution
		HideSolutionNode = FALSE
	EndGlobalSection
	GlobalSection(ExtensibilityGlobals) = postSolution
		SolutionGuid = {DA820297-A0B8-4617-8590-AAA75F0EACA9}
	EndGlobalSection
EndGlobal
